// !$*UTF8*$!
{
	archiveVersion = 1;
	classes = {
	};
	objectVersion = 55;
	objects = {

/* Begin PBXBuildFile section */
		78E9753A282D97820078EFD2 /* AppDelegate.swift in Sources */ = {isa = PBXBuildFile; fileRef = 78E97539282D97820078EFD2 /* AppDelegate.swift */; };
		78E9753C282D97820078EFD2 /* SceneDelegate.swift in Sources */ = {isa = PBXBuildFile; fileRef = 78E9753B282D97820078EFD2 /* SceneDelegate.swift */; };
		78E97543282D97870078EFD2 /* Images.xcassets in Resources */ = {isa = PBXBuildFile; fileRef = 78E97542282D97870078EFD2 /* Images.xcassets */; };
		78E97546282D97870078EFD2 /* LaunchScreen.storyboard in Resources */ = {isa = PBXBuildFile; fileRef = 78E97544282D97870078EFD2 /* LaunchScreen.storyboard */; };
		78E9756B282D97D70078EFD2 /* Colors.xcassets in Resources */ = {isa = PBXBuildFile; fileRef = 78E9756A282D97D70078EFD2 /* Colors.xcassets */; };
		78E9756F282D98540078EFD2 /* DashboardViewController.swift in Sources */ = {isa = PBXBuildFile; fileRef = 78E9756E282D98540078EFD2 /* DashboardViewController.swift */; };
		78E97572282D98810078EFD2 /* Coordinator.swift in Sources */ = {isa = PBXBuildFile; fileRef = 78E97571282D98810078EFD2 /* Coordinator.swift */; };
		78E97581282D98EF0078EFD2 /* Appcoordinator.swift in Sources */ = {isa = PBXBuildFile; fileRef = 78E97580282D98EF0078EFD2 /* Appcoordinator.swift */; };
		78E97583282D99DE0078EFD2 /* DashboardView.swift in Sources */ = {isa = PBXBuildFile; fileRef = 78E97582282D99DE0078EFD2 /* DashboardView.swift */; };
		78E97589282D9D560078EFD2 /* Localizable.strings in Resources */ = {isa = PBXBuildFile; fileRef = 78E9758B282D9D560078EFD2 /* Localizable.strings */; };
		78E97590282DA1F20078EFD2 /* Dashboard.swift in Sources */ = {isa = PBXBuildFile; fileRef = 78E9758F282DA1F20078EFD2 /* Dashboard.swift */; };
		78E9780F282DA2D40078EFD2 /* ClearScoreTestCase.swift in Sources */ = {isa = PBXBuildFile; fileRef = 78E9780E282DA2D40078EFD2 /* ClearScoreTestCase.swift */; };
		78E97811282DA3440078EFD2 /* AppContext.swift in Sources */ = {isa = PBXBuildFile; fileRef = 78E97810282DA3440078EFD2 /* AppContext.swift */; };
		78E97813282DA3F50078EFD2 /* AppContext.swift in Sources */ = {isa = PBXBuildFile; fileRef = 78E97810282DA3440078EFD2 /* AppContext.swift */; };
		78E97815282DA4720078EFD2 /* DashboardUITest.swift in Sources */ = {isa = PBXBuildFile; fileRef = 78E97814282DA4720078EFD2 /* DashboardUITest.swift */; };
		78E97817282DA5110078EFD2 /* XCUIElement+Extensions.swift in Sources */ = {isa = PBXBuildFile; fileRef = 78E97816282DA5110078EFD2 /* XCUIElement+Extensions.swift */; };
		78E97819282DA8E30078EFD2 /* API.swift in Sources */ = {isa = PBXBuildFile; fileRef = 78E97818282DA8E30078EFD2 /* API.swift */; };
		78E9781C282DA9E90078EFD2 /* URLSession+Extensions.swift in Sources */ = {isa = PBXBuildFile; fileRef = 78E9781B282DA9E90078EFD2 /* URLSession+Extensions.swift */; };
		78E97821282DAA4B0078EFD2 /* RequestMethod.swift in Sources */ = {isa = PBXBuildFile; fileRef = 78E97820282DAA4B0078EFD2 /* RequestMethod.swift */; };
		78E97823282DAA800078EFD2 /* APIRequest.swift in Sources */ = {isa = PBXBuildFile; fileRef = 78E97822282DAA800078EFD2 /* APIRequest.swift */; };
		78E97829282DABFA0078EFD2 /* APIError.swift in Sources */ = {isa = PBXBuildFile; fileRef = 78E97828282DABFA0078EFD2 /* APIError.swift */; };
		78E9782B282DACCD0078EFD2 /* Headers.swift in Sources */ = {isa = PBXBuildFile; fileRef = 78E9782A282DACCD0078EFD2 /* Headers.swift */; };
		78E9782D282DAF3E0078EFD2 /* ConcreteAPI.swift in Sources */ = {isa = PBXBuildFile; fileRef = 78E9782C282DAF3E0078EFD2 /* ConcreteAPI.swift */; };
		78E97833282DB1740078EFD2 /* MockAPI.swift in Sources */ = {isa = PBXBuildFile; fileRef = 78E9782F282DAF770078EFD2 /* MockAPI.swift */; };
		78E97838282DB2180078EFD2 /* DashboardAPIRequest.swift in Sources */ = {isa = PBXBuildFile; fileRef = 78E97837282DB2180078EFD2 /* DashboardAPIRequest.swift */; };
		78E9783A282DB63A0078EFD2 /* DashboardAPIResponse.swift in Sources */ = {isa = PBXBuildFile; fileRef = 78E97839282DB63A0078EFD2 /* DashboardAPIResponse.swift */; };
		78E9783C282DB66A0078EFD2 /* CreditReportInfoResponse.swift in Sources */ = {isa = PBXBuildFile; fileRef = 78E9783B282DB66A0078EFD2 /* CreditReportInfoResponse.swift */; };
		78E9783E282DB6AB0078EFD2 /* CoachingSummaryResponse.swift in Sources */ = {isa = PBXBuildFile; fileRef = 78E9783D282DB6AB0078EFD2 /* CoachingSummaryResponse.swift */; };
		78E97841282DB7F40078EFD2 /* DashboardAPIRequestTest.swift in Sources */ = {isa = PBXBuildFile; fileRef = 78E97840282DB7F40078EFD2 /* DashboardAPIRequestTest.swift */; };
		78E97842282DB8840078EFD2 /* APIRequest.swift in Sources */ = {isa = PBXBuildFile; fileRef = 78E97822282DAA800078EFD2 /* APIRequest.swift */; };
		78E97843282DB88B0078EFD2 /* RequestMethod.swift in Sources */ = {isa = PBXBuildFile; fileRef = 78E97820282DAA4B0078EFD2 /* RequestMethod.swift */; };
		78E97844282DB8900078EFD2 /* Headers.swift in Sources */ = {isa = PBXBuildFile; fileRef = 78E9782A282DACCD0078EFD2 /* Headers.swift */; };
		78E97849282DC0310078EFD2 /* DashboardViewModel.swift in Sources */ = {isa = PBXBuildFile; fileRef = 78E97848282DC0310078EFD2 /* DashboardViewModel.swift */; };
		78E9784B282E44C10078EFD2 /* creditReportInfo.json in Resources */ = {isa = PBXBuildFile; fileRef = 78E9784A282E44C10078EFD2 /* creditReportInfo.json */; };
		78E9784D282E44E90078EFD2 /* MockAPIResponse.swift in Sources */ = {isa = PBXBuildFile; fileRef = 78E9784C282E44E90078EFD2 /* MockAPIResponse.swift */; };
		78E97850282E47840078EFD2 /* DashboardViewModelTests.swift in Sources */ = {isa = PBXBuildFile; fileRef = 78E9784F282E47840078EFD2 /* DashboardViewModelTests.swift */; };
		78E97857282EAE160078EFD2 /* AppContextTest.swift in Sources */ = {isa = PBXBuildFile; fileRef = 78E97856282EAE160078EFD2 /* AppContextTest.swift */; };
		78E97859282EAFF30078EFD2 /* LocalizedConstants.swift in Sources */ = {isa = PBXBuildFile; fileRef = 78E97858282EAFF30078EFD2 /* LocalizedConstants.swift */; };
		78E9785A282EB0FB0078EFD2 /* LocalizedConstants.swift in Sources */ = {isa = PBXBuildFile; fileRef = 78E97858282EAFF30078EFD2 /* LocalizedConstants.swift */; };
		78E9785C282EB5FD0078EFD2 /* Endpoints.swift in Sources */ = {isa = PBXBuildFile; fileRef = 78E9785B282EB5FD0078EFD2 /* Endpoints.swift */; };
		78E9785E282EB9220078EFD2 /* MockURLSession.swift in Sources */ = {isa = PBXBuildFile; fileRef = 78E9785D282EB9220078EFD2 /* MockURLSession.swift */; };
		78E97860282EBBC00078EFD2 /* ConcreteAPITests.swift in Sources */ = {isa = PBXBuildFile; fileRef = 78E9785F282EBBC00078EFD2 /* ConcreteAPITests.swift */; };
		78E97863282ED45A0078EFD2 /* APIRequestEmptyObject.swift in Sources */ = {isa = PBXBuildFile; fileRef = 78E97862282ED45A0078EFD2 /* APIRequestEmptyObject.swift */; };
		78E97865282ED4750078EFD2 /* TestResponseObject.swift in Sources */ = {isa = PBXBuildFile; fileRef = 78E97864282ED4750078EFD2 /* TestResponseObject.swift */; };
		78E97867282ED48A0078EFD2 /* GetRequest.swift in Sources */ = {isa = PBXBuildFile; fileRef = 78E97866282ED48A0078EFD2 /* GetRequest.swift */; };
		78E97869282ED4AE0078EFD2 /* GetRequestWithObject.swift in Sources */ = {isa = PBXBuildFile; fileRef = 78E97868282ED4AE0078EFD2 /* GetRequestWithObject.swift */; };
		78E9786B282EDF4F0078EFD2 /* URLSessionType.swift in Sources */ = {isa = PBXBuildFile; fileRef = 78E9786A282EDF4F0078EFD2 /* URLSessionType.swift */; };
		78E9786D282FB98C0078EFD2 /* CircularProgressView.swift in Sources */ = {isa = PBXBuildFile; fileRef = 78E9786C282FB98C0078EFD2 /* CircularProgressView.swift */; };
		78E97875282FF0640078EFD2 /* ScoreView.swift in Sources */ = {isa = PBXBuildFile; fileRef = 78E97874282FF0640078EFD2 /* ScoreView.swift */; };
		78E97878282FF0D10078EFD2 /* Score+DashboardAPIResponse.swift in Sources */ = {isa = PBXBuildFile; fileRef = 78E97877282FF0D10078EFD2 /* Score+DashboardAPIResponse.swift */; };
		78E9787D282FF2E10078EFD2 /* Score.swift in Sources */ = {isa = PBXBuildFile; fileRef = 78E9787C282FF2E10078EFD2 /* Score.swift */; };
		78E97881283004370078EFD2 /* UIImage+Extensions.swift in Sources */ = {isa = PBXBuildFile; fileRef = 78E97880283004370078EFD2 /* UIImage+Extensions.swift */; };
/* End PBXBuildFile section */

/* Begin PBXContainerItemProxy section */
		78E9754D282D97870078EFD2 /* PBXContainerItemProxy */ = {
			isa = PBXContainerItemProxy;
			containerPortal = 78E9752E282D97820078EFD2 /* Project object */;
			proxyType = 1;
			remoteGlobalIDString = 78E97535282D97820078EFD2;
			remoteInfo = ClearScore;
		};
		78E97557282D97870078EFD2 /* PBXContainerItemProxy */ = {
			isa = PBXContainerItemProxy;
			containerPortal = 78E9752E282D97820078EFD2 /* Project object */;
			proxyType = 1;
			remoteGlobalIDString = 78E97535282D97820078EFD2;
			remoteInfo = ClearScore;
		};
/* End PBXContainerItemProxy section */

/* Begin PBXFileReference section */
		78E97536282D97820078EFD2 /* ClearScore.app */ = {isa = PBXFileReference; explicitFileType = wrapper.application; includeInIndex = 0; path = ClearScore.app; sourceTree = BUILT_PRODUCTS_DIR; };
		78E97539282D97820078EFD2 /* AppDelegate.swift */ = {isa = PBXFileReference; lastKnownFileType = sourcecode.swift; path = AppDelegate.swift; sourceTree = "<group>"; };
		78E9753B282D97820078EFD2 /* SceneDelegate.swift */ = {isa = PBXFileReference; lastKnownFileType = sourcecode.swift; path = SceneDelegate.swift; sourceTree = "<group>"; };
		78E97542282D97870078EFD2 /* Images.xcassets */ = {isa = PBXFileReference; lastKnownFileType = folder.assetcatalog; path = Images.xcassets; sourceTree = "<group>"; };
		78E97545282D97870078EFD2 /* Base */ = {isa = PBXFileReference; lastKnownFileType = file.storyboard; name = Base; path = Base.lproj/LaunchScreen.storyboard; sourceTree = "<group>"; };
		78E97547282D97870078EFD2 /* Info.plist */ = {isa = PBXFileReference; lastKnownFileType = text.plist.xml; path = Info.plist; sourceTree = "<group>"; };
		78E9754C282D97870078EFD2 /* ClearScoreTests.xctest */ = {isa = PBXFileReference; explicitFileType = wrapper.cfbundle; includeInIndex = 0; path = ClearScoreTests.xctest; sourceTree = BUILT_PRODUCTS_DIR; };
		78E97556282D97870078EFD2 /* ClearScoreUITests.xctest */ = {isa = PBXFileReference; explicitFileType = wrapper.cfbundle; includeInIndex = 0; path = ClearScoreUITests.xctest; sourceTree = BUILT_PRODUCTS_DIR; };
		78E9756A282D97D70078EFD2 /* Colors.xcassets */ = {isa = PBXFileReference; lastKnownFileType = folder.assetcatalog; path = Colors.xcassets; sourceTree = "<group>"; };
		78E9756E282D98540078EFD2 /* DashboardViewController.swift */ = {isa = PBXFileReference; lastKnownFileType = sourcecode.swift; path = DashboardViewController.swift; sourceTree = "<group>"; };
		78E97571282D98810078EFD2 /* Coordinator.swift */ = {isa = PBXFileReference; lastKnownFileType = sourcecode.swift; path = Coordinator.swift; sourceTree = "<group>"; };
		78E97580282D98EF0078EFD2 /* Appcoordinator.swift */ = {isa = PBXFileReference; lastKnownFileType = sourcecode.swift; path = Appcoordinator.swift; sourceTree = "<group>"; };
		78E97582282D99DE0078EFD2 /* DashboardView.swift */ = {isa = PBXFileReference; lastKnownFileType = sourcecode.swift; path = DashboardView.swift; sourceTree = "<group>"; };
		78E9758A282D9D560078EFD2 /* en */ = {isa = PBXFileReference; lastKnownFileType = text.plist.strings; name = en; path = en.lproj/Localizable.strings; sourceTree = "<group>"; };
		78E9758F282DA1F20078EFD2 /* Dashboard.swift */ = {isa = PBXFileReference; lastKnownFileType = sourcecode.swift; path = Dashboard.swift; sourceTree = "<group>"; };
		78E9780E282DA2D40078EFD2 /* ClearScoreTestCase.swift */ = {isa = PBXFileReference; lastKnownFileType = sourcecode.swift; path = ClearScoreTestCase.swift; sourceTree = "<group>"; };
		78E97810282DA3440078EFD2 /* AppContext.swift */ = {isa = PBXFileReference; lastKnownFileType = sourcecode.swift; path = AppContext.swift; sourceTree = "<group>"; };
		78E97814282DA4720078EFD2 /* DashboardUITest.swift */ = {isa = PBXFileReference; lastKnownFileType = sourcecode.swift; path = DashboardUITest.swift; sourceTree = "<group>"; };
		78E97816282DA5110078EFD2 /* XCUIElement+Extensions.swift */ = {isa = PBXFileReference; lastKnownFileType = sourcecode.swift; path = "XCUIElement+Extensions.swift"; sourceTree = "<group>"; };
		78E97818282DA8E30078EFD2 /* API.swift */ = {isa = PBXFileReference; lastKnownFileType = sourcecode.swift; path = API.swift; sourceTree = "<group>"; };
		78E9781B282DA9E90078EFD2 /* URLSession+Extensions.swift */ = {isa = PBXFileReference; lastKnownFileType = sourcecode.swift; path = "URLSession+Extensions.swift"; sourceTree = "<group>"; };
		78E97820282DAA4B0078EFD2 /* RequestMethod.swift */ = {isa = PBXFileReference; lastKnownFileType = sourcecode.swift; path = RequestMethod.swift; sourceTree = "<group>"; };
		78E97822282DAA800078EFD2 /* APIRequest.swift */ = {isa = PBXFileReference; lastKnownFileType = sourcecode.swift; path = APIRequest.swift; sourceTree = "<group>"; };
		78E97828282DABFA0078EFD2 /* APIError.swift */ = {isa = PBXFileReference; lastKnownFileType = sourcecode.swift; path = APIError.swift; sourceTree = "<group>"; };
		78E9782A282DACCD0078EFD2 /* Headers.swift */ = {isa = PBXFileReference; lastKnownFileType = sourcecode.swift; path = Headers.swift; sourceTree = "<group>"; };
		78E9782C282DAF3E0078EFD2 /* ConcreteAPI.swift */ = {isa = PBXFileReference; lastKnownFileType = sourcecode.swift; path = ConcreteAPI.swift; sourceTree = "<group>"; };
		78E9782F282DAF770078EFD2 /* MockAPI.swift */ = {isa = PBXFileReference; lastKnownFileType = sourcecode.swift; path = MockAPI.swift; sourceTree = "<group>"; };
		78E97837282DB2180078EFD2 /* DashboardAPIRequest.swift */ = {isa = PBXFileReference; lastKnownFileType = sourcecode.swift; path = DashboardAPIRequest.swift; sourceTree = "<group>"; };
		78E97839282DB63A0078EFD2 /* DashboardAPIResponse.swift */ = {isa = PBXFileReference; lastKnownFileType = sourcecode.swift; path = DashboardAPIResponse.swift; sourceTree = "<group>"; };
		78E9783B282DB66A0078EFD2 /* CreditReportInfoResponse.swift */ = {isa = PBXFileReference; lastKnownFileType = sourcecode.swift; path = CreditReportInfoResponse.swift; sourceTree = "<group>"; };
		78E9783D282DB6AB0078EFD2 /* CoachingSummaryResponse.swift */ = {isa = PBXFileReference; lastKnownFileType = sourcecode.swift; path = CoachingSummaryResponse.swift; sourceTree = "<group>"; };
		78E97840282DB7F40078EFD2 /* DashboardAPIRequestTest.swift */ = {isa = PBXFileReference; lastKnownFileType = sourcecode.swift; path = DashboardAPIRequestTest.swift; sourceTree = "<group>"; };
		78E97848282DC0310078EFD2 /* DashboardViewModel.swift */ = {isa = PBXFileReference; lastKnownFileType = sourcecode.swift; path = DashboardViewModel.swift; sourceTree = "<group>"; };
		78E9784A282E44C10078EFD2 /* creditReportInfo.json */ = {isa = PBXFileReference; fileEncoding = 4; lastKnownFileType = text.json; path = creditReportInfo.json; sourceTree = "<group>"; };
		78E9784C282E44E90078EFD2 /* MockAPIResponse.swift */ = {isa = PBXFileReference; lastKnownFileType = sourcecode.swift; path = MockAPIResponse.swift; sourceTree = "<group>"; };
		78E9784F282E47840078EFD2 /* DashboardViewModelTests.swift */ = {isa = PBXFileReference; lastKnownFileType = sourcecode.swift; path = DashboardViewModelTests.swift; sourceTree = "<group>"; };
		78E97854282EAD820078EFD2 /* ClearScore.xctestplan */ = {isa = PBXFileReference; lastKnownFileType = text; path = ClearScore.xctestplan; sourceTree = "<group>"; };
		78E97856282EAE160078EFD2 /* AppContextTest.swift */ = {isa = PBXFileReference; lastKnownFileType = sourcecode.swift; path = AppContextTest.swift; sourceTree = "<group>"; };
		78E97858282EAFF30078EFD2 /* LocalizedConstants.swift */ = {isa = PBXFileReference; lastKnownFileType = sourcecode.swift; path = LocalizedConstants.swift; sourceTree = "<group>"; };
		78E9785B282EB5FD0078EFD2 /* Endpoints.swift */ = {isa = PBXFileReference; lastKnownFileType = sourcecode.swift; path = Endpoints.swift; sourceTree = "<group>"; };
		78E9785D282EB9220078EFD2 /* MockURLSession.swift */ = {isa = PBXFileReference; lastKnownFileType = sourcecode.swift; path = MockURLSession.swift; sourceTree = "<group>"; };
		78E9785F282EBBC00078EFD2 /* ConcreteAPITests.swift */ = {isa = PBXFileReference; lastKnownFileType = sourcecode.swift; path = ConcreteAPITests.swift; sourceTree = "<group>"; };
		78E97862282ED45A0078EFD2 /* APIRequestEmptyObject.swift */ = {isa = PBXFileReference; lastKnownFileType = sourcecode.swift; path = APIRequestEmptyObject.swift; sourceTree = "<group>"; };
		78E97864282ED4750078EFD2 /* TestResponseObject.swift */ = {isa = PBXFileReference; lastKnownFileType = sourcecode.swift; path = TestResponseObject.swift; sourceTree = "<group>"; };
		78E97866282ED48A0078EFD2 /* GetRequest.swift */ = {isa = PBXFileReference; lastKnownFileType = sourcecode.swift; path = GetRequest.swift; sourceTree = "<group>"; };
		78E97868282ED4AE0078EFD2 /* GetRequestWithObject.swift */ = {isa = PBXFileReference; lastKnownFileType = sourcecode.swift; path = GetRequestWithObject.swift; sourceTree = "<group>"; };
		78E9786A282EDF4F0078EFD2 /* URLSessionType.swift */ = {isa = PBXFileReference; lastKnownFileType = sourcecode.swift; path = URLSessionType.swift; sourceTree = "<group>"; };
		78E9786C282FB98C0078EFD2 /* CircularProgressView.swift */ = {isa = PBXFileReference; lastKnownFileType = sourcecode.swift; path = CircularProgressView.swift; sourceTree = "<group>"; };
		78E97874282FF0640078EFD2 /* ScoreView.swift */ = {isa = PBXFileReference; lastKnownFileType = sourcecode.swift; path = ScoreView.swift; sourceTree = "<group>"; };
		78E97877282FF0D10078EFD2 /* Score+DashboardAPIResponse.swift */ = {isa = PBXFileReference; lastKnownFileType = sourcecode.swift; path = "Score+DashboardAPIResponse.swift"; sourceTree = "<group>"; };
		78E9787C282FF2E10078EFD2 /* Score.swift */ = {isa = PBXFileReference; lastKnownFileType = sourcecode.swift; path = Score.swift; sourceTree = "<group>"; };
		78E97880283004370078EFD2 /* UIImage+Extensions.swift */ = {isa = PBXFileReference; lastKnownFileType = sourcecode.swift; path = "UIImage+Extensions.swift"; sourceTree = "<group>"; };
/* End PBXFileReference section */

/* Begin PBXFrameworksBuildPhase section */
		78E97533282D97820078EFD2 /* Frameworks */ = {
			isa = PBXFrameworksBuildPhase;
			buildActionMask = 2147483647;
			files = (
			);
			runOnlyForDeploymentPostprocessing = 0;
		};
		78E97549282D97870078EFD2 /* Frameworks */ = {
			isa = PBXFrameworksBuildPhase;
			buildActionMask = 2147483647;
			files = (
			);
			runOnlyForDeploymentPostprocessing = 0;
		};
		78E97553282D97870078EFD2 /* Frameworks */ = {
			isa = PBXFrameworksBuildPhase;
			buildActionMask = 2147483647;
			files = (
			);
			runOnlyForDeploymentPostprocessing = 0;
		};
/* End PBXFrameworksBuildPhase section */

/* Begin PBXGroup section */
		78E9752D282D97820078EFD2 = {
			isa = PBXGroup;
			children = (
				78E97854282EAD820078EFD2 /* ClearScore.xctestplan */,
				78E97538282D97820078EFD2 /* ClearScore */,
				78E9754F282D97870078EFD2 /* ClearScoreTests */,
				78E97559282D97870078EFD2 /* ClearScoreUITests */,
				78E97537282D97820078EFD2 /* Products */,
			);
			sourceTree = "<group>";
		};
		78E97537282D97820078EFD2 /* Products */ = {
			isa = PBXGroup;
			children = (
				78E97536282D97820078EFD2 /* ClearScore.app */,
				78E9754C282D97870078EFD2 /* ClearScoreTests.xctest */,
				78E97556282D97870078EFD2 /* ClearScoreUITests.xctest */,
			);
			name = Products;
			sourceTree = "<group>";
		};
		78E97538282D97820078EFD2 /* ClearScore */ = {
			isa = PBXGroup;
			children = (
				78E97871282FEDFB0078EFD2 /* FeatureSupport */,
				78E97872282FEE350078EFD2 /* Main */,
				78E9786E282FEDBB0078EFD2 /* UIComponents */,
			);
			path = ClearScore;
			sourceTree = "<group>";
		};
		78E9754F282D97870078EFD2 /* ClearScoreTests */ = {
			isa = PBXGroup;
			children = (
				78E9783F282DB7D30078EFD2 /* Dashboard */,
				78E97855282EADFD0078EFD2 /* Helpers */,
				78E97831282DB15B0078EFD2 /* Mocks */,
				78E97861282ED4310078EFD2 /* Networking */,
			);
			path = ClearScoreTests;
			sourceTree = "<group>";
		};
		78E97559282D97870078EFD2 /* ClearScoreUITests */ = {
			isa = PBXGroup;
			children = (
				78E9780C282DA2830078EFD2 /* Dashboard */,
				78E9758E282DA1E30078EFD2 /* Enums */,
				78E9780D282DA2970078EFD2 /* Helpers */,
			);
			path = ClearScoreUITests;
			sourceTree = "<group>";
		};
		78E97569282D97A10078EFD2 /* Resources */ = {
			isa = PBXGroup;
			children = (
				78E9758D282D9DB50078EFD2 /* Assets */,
				78E97547282D97870078EFD2 /* Info.plist */,
				78E9758C282D9DA30078EFD2 /* Languages */,
				78E97544282D97870078EFD2 /* LaunchScreen.storyboard */,
			);
			path = Resources;
			sourceTree = "<group>";
		};
		78E9756C282D98200078EFD2 /* Lifecycle */ = {
			isa = PBXGroup;
			children = (
				78E97539282D97820078EFD2 /* AppDelegate.swift */,
				78E9753B282D97820078EFD2 /* SceneDelegate.swift */,
			);
			path = Lifecycle;
			sourceTree = "<group>";
		};
		78E9756D282D982F0078EFD2 /* Dashboard */ = {
			isa = PBXGroup;
			children = (
				78E9756E282D98540078EFD2 /* DashboardViewController.swift */,
				78E97848282DC0310078EFD2 /* DashboardViewModel.swift */,
				78E97876282FF0BB0078EFD2 /* Models */,
				78E97835282DB1EA0078EFD2 /* Networking */,
				78E97847282DC01A0078EFD2 /* Views */,
			);
			path = Dashboard;
			sourceTree = "<group>";
		};
		78E97570282D98660078EFD2 /* Coordinator */ = {
			isa = PBXGroup;
			children = (
				78E97580282D98EF0078EFD2 /* Appcoordinator.swift */,
			);
			path = Coordinator;
			sourceTree = "<group>";
		};
		78E97584282D9AA00078EFD2 /* Networking */ = {
			isa = PBXGroup;
			children = (
				78E97818282DA8E30078EFD2 /* API.swift */,
				78E9781F282DAA3F0078EFD2 /* Enums */,
				78E9781A282DA9D90078EFD2 /* Extensions */,
				78E9782E282DAF5E0078EFD2 /* Protocols */,
			);
			path = Networking;
			sourceTree = "<group>";
		};
		78E9758C282D9DA30078EFD2 /* Languages */ = {
			isa = PBXGroup;
			children = (
				78E9758B282D9D560078EFD2 /* Localizable.strings */,
				78E97858282EAFF30078EFD2 /* LocalizedConstants.swift */,
			);
			path = Languages;
			sourceTree = "<group>";
		};
		78E9758D282D9DB50078EFD2 /* Assets */ = {
			isa = PBXGroup;
			children = (
				78E97542282D97870078EFD2 /* Images.xcassets */,
				78E9756A282D97D70078EFD2 /* Colors.xcassets */,
				78E97880283004370078EFD2 /* UIImage+Extensions.swift */,
			);
			path = Assets;
			sourceTree = "<group>";
		};
		78E9758E282DA1E30078EFD2 /* Enums */ = {
			isa = PBXGroup;
			children = (
				78E9758F282DA1F20078EFD2 /* Dashboard.swift */,
			);
			path = Enums;
			sourceTree = "<group>";
		};
		78E9780C282DA2830078EFD2 /* Dashboard */ = {
			isa = PBXGroup;
			children = (
				78E97814282DA4720078EFD2 /* DashboardUITest.swift */,
			);
			path = Dashboard;
			sourceTree = "<group>";
		};
		78E9780D282DA2970078EFD2 /* Helpers */ = {
			isa = PBXGroup;
			children = (
				78E9780E282DA2D40078EFD2 /* ClearScoreTestCase.swift */,
				78E97816282DA5110078EFD2 /* XCUIElement+Extensions.swift */,
			);
			path = Helpers;
			sourceTree = "<group>";
		};
		78E97812282DA3490078EFD2 /* Helpers */ = {
			isa = PBXGroup;
			children = (
				78E97810282DA3440078EFD2 /* AppContext.swift */,
			);
			path = Helpers;
			sourceTree = "<group>";
		};
		78E9781A282DA9D90078EFD2 /* Extensions */ = {
			isa = PBXGroup;
			children = (
				78E9781B282DA9E90078EFD2 /* URLSession+Extensions.swift */,
			);
			path = Extensions;
			sourceTree = "<group>";
		};
		78E9781F282DAA3F0078EFD2 /* Enums */ = {
			isa = PBXGroup;
			children = (
				78E97828282DABFA0078EFD2 /* APIError.swift */,
				78E9785B282EB5FD0078EFD2 /* Endpoints.swift */,
				78E9782A282DACCD0078EFD2 /* Headers.swift */,
				78E97820282DAA4B0078EFD2 /* RequestMethod.swift */,
			);
			path = Enums;
			sourceTree = "<group>";
		};
		78E9782E282DAF5E0078EFD2 /* Protocols */ = {
			isa = PBXGroup;
			children = (
				78E97822282DAA800078EFD2 /* APIRequest.swift */,
				78E9786A282EDF4F0078EFD2 /* URLSessionType.swift */,
			);
			path = Protocols;
			sourceTree = "<group>";
		};
		78E97831282DB15B0078EFD2 /* Mocks */ = {
			isa = PBXGroup;
			children = (
				78E9782F282DAF770078EFD2 /* MockAPI.swift */,
				78E9784C282E44E90078EFD2 /* MockAPIResponse.swift */,
				78E9785D282EB9220078EFD2 /* MockURLSession.swift */,
			);
			path = Mocks;
			sourceTree = "<group>";
		};
		78E97835282DB1EA0078EFD2 /* Networking */ = {
			isa = PBXGroup;
			children = (
				78E9783D282DB6AB0078EFD2 /* CoachingSummaryResponse.swift */,
				78E9783B282DB66A0078EFD2 /* CreditReportInfoResponse.swift */,
				78E97837282DB2180078EFD2 /* DashboardAPIRequest.swift */,
				78E97839282DB63A0078EFD2 /* DashboardAPIResponse.swift */,
			);
			path = Networking;
			sourceTree = "<group>";
		};
		78E9783F282DB7D30078EFD2 /* Dashboard */ = {
			isa = PBXGroup;
			children = (
				78E9784F282E47840078EFD2 /* DashboardViewModelTests.swift */,
				78E9784E282E474A0078EFD2 /* JSON */,
				78E97846282DBA200078EFD2 /* Networking */,
			);
			path = Dashboard;
			sourceTree = "<group>";
		};
		78E97846282DBA200078EFD2 /* Networking */ = {
			isa = PBXGroup;
			children = (
				78E97840282DB7F40078EFD2 /* DashboardAPIRequestTest.swift */,
			);
			path = Networking;
			sourceTree = "<group>";
		};
		78E97847282DC01A0078EFD2 /* Views */ = {
			isa = PBXGroup;
			children = (
				78E97582282D99DE0078EFD2 /* DashboardView.swift */,
			);
			path = Views;
			sourceTree = "<group>";
		};
		78E9784E282E474A0078EFD2 /* JSON */ = {
			isa = PBXGroup;
			children = (
				78E9784A282E44C10078EFD2 /* creditReportInfo.json */,
			);
			path = JSON;
			sourceTree = "<group>";
		};
		78E97855282EADFD0078EFD2 /* Helpers */ = {
			isa = PBXGroup;
			children = (
				78E97856282EAE160078EFD2 /* AppContextTest.swift */,
			);
			path = Helpers;
			sourceTree = "<group>";
		};
		78E97861282ED4310078EFD2 /* Networking */ = {
			isa = PBXGroup;
			children = (
				78E97862282ED45A0078EFD2 /* APIRequestEmptyObject.swift */,
				78E9785F282EBBC00078EFD2 /* ConcreteAPITests.swift */,
				78E97866282ED48A0078EFD2 /* GetRequest.swift */,
				78E97868282ED4AE0078EFD2 /* GetRequestWithObject.swift */,
				78E97864282ED4750078EFD2 /* TestResponseObject.swift */,
			);
			path = Networking;
			sourceTree = "<group>";
		};
		78E9786E282FEDBB0078EFD2 /* UIComponents */ = {
			isa = PBXGroup;
			children = (
				78E9786F282FEDC80078EFD2 /* Atoms */,
				78E97870282FEDCF0078EFD2 /* Molecules */,
			);
			path = UIComponents;
			sourceTree = "<group>";
		};
		78E9786F282FEDC80078EFD2 /* Atoms */ = {
			isa = PBXGroup;
			children = (
				78E9787E282FF3F00078EFD2 /* CircularProgressView */,
			);
			path = Atoms;
			sourceTree = "<group>";
		};
		78E97870282FEDCF0078EFD2 /* Molecules */ = {
			isa = PBXGroup;
			children = (
				78E9787A282FF2C00078EFD2 /* ScoreView */,
			);
			path = Molecules;
			sourceTree = "<group>";
		};
		78E97871282FEDFB0078EFD2 /* FeatureSupport */ = {
			isa = PBXGroup;
			children = (
				78E97873282FEE520078EFD2 /* Coordinator */,
				78E97584282D9AA00078EFD2 /* Networking */,
			);
			path = FeatureSupport;
			sourceTree = "<group>";
		};
		78E97872282FEE350078EFD2 /* Main */ = {
			isa = PBXGroup;
			children = (
				78E9787F282FF4BF0078EFD2 /* Features */,
				78E97879282FF1F70078EFD2 /* Networking */,
				78E97812282DA3490078EFD2 /* Helpers */,
				78E97569282D97A10078EFD2 /* Resources */,
				78E9756C282D98200078EFD2 /* Lifecycle */,
				78E97570282D98660078EFD2 /* Coordinator */,
			);
			path = Main;
			sourceTree = "<group>";
		};
		78E97873282FEE520078EFD2 /* Coordinator */ = {
			isa = PBXGroup;
			children = (
				78E97571282D98810078EFD2 /* Coordinator.swift */,
			);
			path = Coordinator;
			sourceTree = "<group>";
		};
		78E97876282FF0BB0078EFD2 /* Models */ = {
			isa = PBXGroup;
			children = (
				78E97877282FF0D10078EFD2 /* Score+DashboardAPIResponse.swift */,
			);
			path = Models;
			sourceTree = "<group>";
		};
		78E97879282FF1F70078EFD2 /* Networking */ = {
			isa = PBXGroup;
			children = (
				78E9782C282DAF3E0078EFD2 /* ConcreteAPI.swift */,
			);
			path = Networking;
			sourceTree = "<group>";
		};
		78E9787A282FF2C00078EFD2 /* ScoreView */ = {
			isa = PBXGroup;
			children = (
				78E9787B282FF2CE0078EFD2 /* Models */,
				78E97874282FF0640078EFD2 /* ScoreView.swift */,
			);
			path = ScoreView;
			sourceTree = "<group>";
		};
		78E9787B282FF2CE0078EFD2 /* Models */ = {
			isa = PBXGroup;
			children = (
				78E9787C282FF2E10078EFD2 /* Score.swift */,
			);
			path = Models;
			sourceTree = "<group>";
		};
		78E9787E282FF3F00078EFD2 /* CircularProgressView */ = {
			isa = PBXGroup;
			children = (
				78E9786C282FB98C0078EFD2 /* CircularProgressView.swift */,
			);
			path = CircularProgressView;
			sourceTree = "<group>";
		};
		78E9787F282FF4BF0078EFD2 /* Features */ = {
			isa = PBXGroup;
			children = (
				78E9756D282D982F0078EFD2 /* Dashboard */,
			);
			path = Features;
			sourceTree = "<group>";
		};
/* End PBXGroup section */

/* Begin PBXNativeTarget section */
		78E97535282D97820078EFD2 /* ClearScore */ = {
			isa = PBXNativeTarget;
			buildConfigurationList = 78E97560282D97870078EFD2 /* Build configuration list for PBXNativeTarget "ClearScore" */;
			buildPhases = (
				78E97532282D97820078EFD2 /* Sources */,
				78E97533282D97820078EFD2 /* Frameworks */,
				78E97534282D97820078EFD2 /* Resources */,
			);
			buildRules = (
			);
			dependencies = (
			);
			name = ClearScore;
			productName = ClearScore;
			productReference = 78E97536282D97820078EFD2 /* ClearScore.app */;
			productType = "com.apple.product-type.application";
		};
		78E9754B282D97870078EFD2 /* ClearScoreTests */ = {
			isa = PBXNativeTarget;
			buildConfigurationList = 78E97563282D97870078EFD2 /* Build configuration list for PBXNativeTarget "ClearScoreTests" */;
			buildPhases = (
				78E97548282D97870078EFD2 /* Sources */,
				78E97549282D97870078EFD2 /* Frameworks */,
				78E9754A282D97870078EFD2 /* Resources */,
			);
			buildRules = (
			);
			dependencies = (
				78E9754E282D97870078EFD2 /* PBXTargetDependency */,
			);
			name = ClearScoreTests;
			productName = ClearScoreTests;
			productReference = 78E9754C282D97870078EFD2 /* ClearScoreTests.xctest */;
			productType = "com.apple.product-type.bundle.unit-test";
		};
		78E97555282D97870078EFD2 /* ClearScoreUITests */ = {
			isa = PBXNativeTarget;
			buildConfigurationList = 78E97566282D97870078EFD2 /* Build configuration list for PBXNativeTarget "ClearScoreUITests" */;
			buildPhases = (
				78E97552282D97870078EFD2 /* Sources */,
				78E97553282D97870078EFD2 /* Frameworks */,
				78E97554282D97870078EFD2 /* Resources */,
			);
			buildRules = (
			);
			dependencies = (
				78E97558282D97870078EFD2 /* PBXTargetDependency */,
			);
			name = ClearScoreUITests;
			productName = ClearScoreUITests;
			productReference = 78E97556282D97870078EFD2 /* ClearScoreUITests.xctest */;
			productType = "com.apple.product-type.bundle.ui-testing";
		};
/* End PBXNativeTarget section */

/* Begin PBXProject section */
		78E9752E282D97820078EFD2 /* Project object */ = {
			isa = PBXProject;
			attributes = {
				BuildIndependentTargetsInParallel = 1;
				LastSwiftUpdateCheck = 1320;
				LastUpgradeCheck = 1320;
				TargetAttributes = {
					78E97535282D97820078EFD2 = {
						CreatedOnToolsVersion = 13.2.1;
					};
					78E9754B282D97870078EFD2 = {
						CreatedOnToolsVersion = 13.2.1;
						TestTargetID = 78E97535282D97820078EFD2;
					};
					78E97555282D97870078EFD2 = {
						CreatedOnToolsVersion = 13.2.1;
						TestTargetID = 78E97535282D97820078EFD2;
					};
				};
			};
			buildConfigurationList = 78E97531282D97820078EFD2 /* Build configuration list for PBXProject "ClearScore" */;
			compatibilityVersion = "Xcode 13.0";
			developmentRegion = en;
			hasScannedForEncodings = 0;
			knownRegions = (
				en,
				Base,
			);
			mainGroup = 78E9752D282D97820078EFD2;
			productRefGroup = 78E97537282D97820078EFD2 /* Products */;
			projectDirPath = "";
			projectRoot = "";
			targets = (
				78E97535282D97820078EFD2 /* ClearScore */,
				78E9754B282D97870078EFD2 /* ClearScoreTests */,
				78E97555282D97870078EFD2 /* ClearScoreUITests */,
			);
		};
/* End PBXProject section */

/* Begin PBXResourcesBuildPhase section */
		78E97534282D97820078EFD2 /* Resources */ = {
			isa = PBXResourcesBuildPhase;
			buildActionMask = 2147483647;
			files = (
				78E9756B282D97D70078EFD2 /* Colors.xcassets in Resources */,
				78E97589282D9D560078EFD2 /* Localizable.strings in Resources */,
				78E97546282D97870078EFD2 /* LaunchScreen.storyboard in Resources */,
				78E97543282D97870078EFD2 /* Images.xcassets in Resources */,
			);
			runOnlyForDeploymentPostprocessing = 0;
		};
		78E9754A282D97870078EFD2 /* Resources */ = {
			isa = PBXResourcesBuildPhase;
			buildActionMask = 2147483647;
			files = (
				78E9784B282E44C10078EFD2 /* creditReportInfo.json in Resources */,
			);
			runOnlyForDeploymentPostprocessing = 0;
		};
		78E97554282D97870078EFD2 /* Resources */ = {
			isa = PBXResourcesBuildPhase;
			buildActionMask = 2147483647;
			files = (
			);
			runOnlyForDeploymentPostprocessing = 0;
		};
/* End PBXResourcesBuildPhase section */

/* Begin PBXSourcesBuildPhase section */
		78E97532282D97820078EFD2 /* Sources */ = {
			isa = PBXSourcesBuildPhase;
			buildActionMask = 2147483647;
			files = (
				78E97572282D98810078EFD2 /* Coordinator.swift in Sources */,
				78E97583282D99DE0078EFD2 /* DashboardView.swift in Sources */,
				78E9783A282DB63A0078EFD2 /* DashboardAPIResponse.swift in Sources */,
				78E9753A282D97820078EFD2 /* AppDelegate.swift in Sources */,
				78E97811282DA3440078EFD2 /* AppContext.swift in Sources */,
				78E9782B282DACCD0078EFD2 /* Headers.swift in Sources */,
				78E97838282DB2180078EFD2 /* DashboardAPIRequest.swift in Sources */,
				78E97819282DA8E30078EFD2 /* API.swift in Sources */,
				78E9787D282FF2E10078EFD2 /* Score.swift in Sources */,
				78E97821282DAA4B0078EFD2 /* RequestMethod.swift in Sources */,
				78E9756F282D98540078EFD2 /* DashboardViewController.swift in Sources */,
				78E9785C282EB5FD0078EFD2 /* Endpoints.swift in Sources */,
				78E97823282DAA800078EFD2 /* APIRequest.swift in Sources */,
				78E97859282EAFF30078EFD2 /* LocalizedConstants.swift in Sources */,
				78E9786D282FB98C0078EFD2 /* CircularProgressView.swift in Sources */,
				78E97849282DC0310078EFD2 /* DashboardViewModel.swift in Sources */,
				78E9782D282DAF3E0078EFD2 /* ConcreteAPI.swift in Sources */,
				78E9783C282DB66A0078EFD2 /* CreditReportInfoResponse.swift in Sources */,
				78E97875282FF0640078EFD2 /* ScoreView.swift in Sources */,
				78E97829282DABFA0078EFD2 /* APIError.swift in Sources */,
				78E97878282FF0D10078EFD2 /* Score+DashboardAPIResponse.swift in Sources */,
				78E9783E282DB6AB0078EFD2 /* CoachingSummaryResponse.swift in Sources */,
				78E9753C282D97820078EFD2 /* SceneDelegate.swift in Sources */,
				78E97581282D98EF0078EFD2 /* Appcoordinator.swift in Sources */,
				78E97881283004370078EFD2 /* UIImage+Extensions.swift in Sources */,
				78E9786B282EDF4F0078EFD2 /* URLSessionType.swift in Sources */,
				78E9781C282DA9E90078EFD2 /* URLSession+Extensions.swift in Sources */,
			);
			runOnlyForDeploymentPostprocessing = 0;
		};
		78E97548282D97870078EFD2 /* Sources */ = {
			isa = PBXSourcesBuildPhase;
			buildActionMask = 2147483647;
			files = (
				78E9785E282EB9220078EFD2 /* MockURLSession.swift in Sources */,
				78E97833282DB1740078EFD2 /* MockAPI.swift in Sources */,
				78E97841282DB7F40078EFD2 /* DashboardAPIRequestTest.swift in Sources */,
				78E9784D282E44E90078EFD2 /* MockAPIResponse.swift in Sources */,
				78E97857282EAE160078EFD2 /* AppContextTest.swift in Sources */,
				78E97850282E47840078EFD2 /* DashboardViewModelTests.swift in Sources */,
				78E97867282ED48A0078EFD2 /* GetRequest.swift in Sources */,
				78E97860282EBBC00078EFD2 /* ConcreteAPITests.swift in Sources */,
				78E97869282ED4AE0078EFD2 /* GetRequestWithObject.swift in Sources */,
				78E97865282ED4750078EFD2 /* TestResponseObject.swift in Sources */,
				78E97863282ED45A0078EFD2 /* APIRequestEmptyObject.swift in Sources */,
			);
			runOnlyForDeploymentPostprocessing = 0;
		};
		78E97552282D97870078EFD2 /* Sources */ = {
			isa = PBXSourcesBuildPhase;
			buildActionMask = 2147483647;
			files = (
				78E97813282DA3F50078EFD2 /* AppContext.swift in Sources */,
				78E97842282DB8840078EFD2 /* APIRequest.swift in Sources */,
				78E97590282DA1F20078EFD2 /* Dashboard.swift in Sources */,
				78E97815282DA4720078EFD2 /* DashboardUITest.swift in Sources */,
				78E97844282DB8900078EFD2 /* Headers.swift in Sources */,
				78E97843282DB88B0078EFD2 /* RequestMethod.swift in Sources */,
				78E9785A282EB0FB0078EFD2 /* LocalizedConstants.swift in Sources */,
				78E97817282DA5110078EFD2 /* XCUIElement+Extensions.swift in Sources */,
				78E9780F282DA2D40078EFD2 /* ClearScoreTestCase.swift in Sources */,
			);
			runOnlyForDeploymentPostprocessing = 0;
		};
/* End PBXSourcesBuildPhase section */

/* Begin PBXTargetDependency section */
		78E9754E282D97870078EFD2 /* PBXTargetDependency */ = {
			isa = PBXTargetDependency;
			target = 78E97535282D97820078EFD2 /* ClearScore */;
			targetProxy = 78E9754D282D97870078EFD2 /* PBXContainerItemProxy */;
		};
		78E97558282D97870078EFD2 /* PBXTargetDependency */ = {
			isa = PBXTargetDependency;
			target = 78E97535282D97820078EFD2 /* ClearScore */;
			targetProxy = 78E97557282D97870078EFD2 /* PBXContainerItemProxy */;
		};
/* End PBXTargetDependency section */

/* Begin PBXVariantGroup section */
		78E97544282D97870078EFD2 /* LaunchScreen.storyboard */ = {
			isa = PBXVariantGroup;
			children = (
				78E97545282D97870078EFD2 /* Base */,
			);
			name = LaunchScreen.storyboard;
			sourceTree = "<group>";
		};
		78E9758B282D9D560078EFD2 /* Localizable.strings */ = {
			isa = PBXVariantGroup;
			children = (
				78E9758A282D9D560078EFD2 /* en */,
			);
			name = Localizable.strings;
			sourceTree = "<group>";
		};
/* End PBXVariantGroup section */

/* Begin XCBuildConfiguration section */
		78E9755E282D97870078EFD2 /* Debug */ = {
			isa = XCBuildConfiguration;
			buildSettings = {
				ALWAYS_SEARCH_USER_PATHS = NO;
				CLANG_ANALYZER_NONNULL = YES;
				CLANG_ANALYZER_NUMBER_OBJECT_CONVERSION = YES_AGGRESSIVE;
				CLANG_CXX_LANGUAGE_STANDARD = "gnu++17";
				CLANG_CXX_LIBRARY = "libc++";
				CLANG_ENABLE_MODULES = YES;
				CLANG_ENABLE_OBJC_ARC = YES;
				CLANG_ENABLE_OBJC_WEAK = YES;
				CLANG_WARN_BLOCK_CAPTURE_AUTORELEASING = YES;
				CLANG_WARN_BOOL_CONVERSION = YES;
				CLANG_WARN_COMMA = YES;
				CLANG_WARN_CONSTANT_CONVERSION = YES;
				CLANG_WARN_DEPRECATED_OBJC_IMPLEMENTATIONS = YES;
				CLANG_WARN_DIRECT_OBJC_ISA_USAGE = YES_ERROR;
				CLANG_WARN_DOCUMENTATION_COMMENTS = YES;
				CLANG_WARN_EMPTY_BODY = YES;
				CLANG_WARN_ENUM_CONVERSION = YES;
				CLANG_WARN_INFINITE_RECURSION = YES;
				CLANG_WARN_INT_CONVERSION = YES;
				CLANG_WARN_NON_LITERAL_NULL_CONVERSION = YES;
				CLANG_WARN_OBJC_IMPLICIT_RETAIN_SELF = YES;
				CLANG_WARN_OBJC_LITERAL_CONVERSION = YES;
				CLANG_WARN_OBJC_ROOT_CLASS = YES_ERROR;
				CLANG_WARN_QUOTED_INCLUDE_IN_FRAMEWORK_HEADER = YES;
				CLANG_WARN_RANGE_LOOP_ANALYSIS = YES;
				CLANG_WARN_STRICT_PROTOTYPES = YES;
				CLANG_WARN_SUSPICIOUS_MOVE = YES;
				CLANG_WARN_UNGUARDED_AVAILABILITY = YES_AGGRESSIVE;
				CLANG_WARN_UNREACHABLE_CODE = YES;
				CLANG_WARN__DUPLICATE_METHOD_MATCH = YES;
				COPY_PHASE_STRIP = NO;
				DEBUG_INFORMATION_FORMAT = dwarf;
				ENABLE_STRICT_OBJC_MSGSEND = YES;
				ENABLE_TESTABILITY = YES;
				GCC_C_LANGUAGE_STANDARD = gnu11;
				GCC_DYNAMIC_NO_PIC = NO;
				GCC_NO_COMMON_BLOCKS = YES;
				GCC_OPTIMIZATION_LEVEL = 0;
				GCC_PREPROCESSOR_DEFINITIONS = (
					"DEBUG=1",
					"$(inherited)",
				);
				GCC_WARN_64_TO_32_BIT_CONVERSION = YES;
				GCC_WARN_ABOUT_RETURN_TYPE = YES_ERROR;
				GCC_WARN_UNDECLARED_SELECTOR = YES;
				GCC_WARN_UNINITIALIZED_AUTOS = YES_AGGRESSIVE;
				GCC_WARN_UNUSED_FUNCTION = YES;
				GCC_WARN_UNUSED_VARIABLE = YES;
				IPHONEOS_DEPLOYMENT_TARGET = 14.0;
				MTL_ENABLE_DEBUG_INFO = INCLUDE_SOURCE;
				MTL_FAST_MATH = YES;
				ONLY_ACTIVE_ARCH = YES;
				SDKROOT = iphoneos;
				SWIFT_ACTIVE_COMPILATION_CONDITIONS = DEBUG;
				SWIFT_OPTIMIZATION_LEVEL = "-Onone";
			};
			name = Debug;
		};
		78E9755F282D97870078EFD2 /* Release */ = {
			isa = XCBuildConfiguration;
			buildSettings = {
				ALWAYS_SEARCH_USER_PATHS = NO;
				CLANG_ANALYZER_NONNULL = YES;
				CLANG_ANALYZER_NUMBER_OBJECT_CONVERSION = YES_AGGRESSIVE;
				CLANG_CXX_LANGUAGE_STANDARD = "gnu++17";
				CLANG_CXX_LIBRARY = "libc++";
				CLANG_ENABLE_MODULES = YES;
				CLANG_ENABLE_OBJC_ARC = YES;
				CLANG_ENABLE_OBJC_WEAK = YES;
				CLANG_WARN_BLOCK_CAPTURE_AUTORELEASING = YES;
				CLANG_WARN_BOOL_CONVERSION = YES;
				CLANG_WARN_COMMA = YES;
				CLANG_WARN_CONSTANT_CONVERSION = YES;
				CLANG_WARN_DEPRECATED_OBJC_IMPLEMENTATIONS = YES;
				CLANG_WARN_DIRECT_OBJC_ISA_USAGE = YES_ERROR;
				CLANG_WARN_DOCUMENTATION_COMMENTS = YES;
				CLANG_WARN_EMPTY_BODY = YES;
				CLANG_WARN_ENUM_CONVERSION = YES;
				CLANG_WARN_INFINITE_RECURSION = YES;
				CLANG_WARN_INT_CONVERSION = YES;
				CLANG_WARN_NON_LITERAL_NULL_CONVERSION = YES;
				CLANG_WARN_OBJC_IMPLICIT_RETAIN_SELF = YES;
				CLANG_WARN_OBJC_LITERAL_CONVERSION = YES;
				CLANG_WARN_OBJC_ROOT_CLASS = YES_ERROR;
				CLANG_WARN_QUOTED_INCLUDE_IN_FRAMEWORK_HEADER = YES;
				CLANG_WARN_RANGE_LOOP_ANALYSIS = YES;
				CLANG_WARN_STRICT_PROTOTYPES = YES;
				CLANG_WARN_SUSPICIOUS_MOVE = YES;
				CLANG_WARN_UNGUARDED_AVAILABILITY = YES_AGGRESSIVE;
				CLANG_WARN_UNREACHABLE_CODE = YES;
				CLANG_WARN__DUPLICATE_METHOD_MATCH = YES;
				COPY_PHASE_STRIP = NO;
				DEBUG_INFORMATION_FORMAT = "dwarf-with-dsym";
				ENABLE_NS_ASSERTIONS = NO;
				ENABLE_STRICT_OBJC_MSGSEND = YES;
				GCC_C_LANGUAGE_STANDARD = gnu11;
				GCC_NO_COMMON_BLOCKS = YES;
				GCC_WARN_64_TO_32_BIT_CONVERSION = YES;
				GCC_WARN_ABOUT_RETURN_TYPE = YES_ERROR;
				GCC_WARN_UNDECLARED_SELECTOR = YES;
				GCC_WARN_UNINITIALIZED_AUTOS = YES_AGGRESSIVE;
				GCC_WARN_UNUSED_FUNCTION = YES;
				GCC_WARN_UNUSED_VARIABLE = YES;
				IPHONEOS_DEPLOYMENT_TARGET = 14.0;
				MTL_ENABLE_DEBUG_INFO = NO;
				MTL_FAST_MATH = YES;
				SDKROOT = iphoneos;
				SWIFT_COMPILATION_MODE = wholemodule;
				SWIFT_OPTIMIZATION_LEVEL = "-O";
				VALIDATE_PRODUCT = YES;
			};
			name = Release;
		};
		78E97561282D97870078EFD2 /* Debug */ = {
			isa = XCBuildConfiguration;
			buildSettings = {
				ASSETCATALOG_COMPILER_APPICON_NAME = AppIcon;
				ASSETCATALOG_COMPILER_GLOBAL_ACCENT_COLOR_NAME = AccentColor;
				CODE_SIGN_STYLE = Automatic;
				CURRENT_PROJECT_VERSION = 1;
				GENERATE_INFOPLIST_FILE = YES;
				INFOPLIST_FILE = ClearScore/Main/Resources/Info.plist;
				INFOPLIST_KEY_UIApplicationSupportsIndirectInputEvents = YES;
				INFOPLIST_KEY_UILaunchStoryboardName = LaunchScreen;
				INFOPLIST_KEY_UISupportedInterfaceOrientations = "UIInterfaceOrientationPortrait UIInterfaceOrientationPortraitUpsideDown";
				INFOPLIST_KEY_UISupportedInterfaceOrientations_iPad = "UIInterfaceOrientationPortrait UIInterfaceOrientationPortraitUpsideDown UIInterfaceOrientationLandscapeLeft UIInterfaceOrientationLandscapeRight";
				INFOPLIST_KEY_UISupportedInterfaceOrientations_iPhone = "UIInterfaceOrientationPortrait UIInterfaceOrientationLandscapeLeft UIInterfaceOrientationLandscapeRight";
				LD_RUNPATH_SEARCH_PATHS = (
					"$(inherited)",
					"@executable_path/Frameworks",
				);
				MARKETING_VERSION = 1.0;
				PRODUCT_BUNDLE_IDENTIFIER = "Thomas-Richardson.ClearScore";
				PRODUCT_NAME = "$(TARGET_NAME)";
				SWIFT_EMIT_LOC_STRINGS = YES;
				SWIFT_VERSION = 5.0;
				TARGETED_DEVICE_FAMILY = "1,2";
			};
			name = Debug;
		};
		78E97562282D97870078EFD2 /* Release */ = {
			isa = XCBuildConfiguration;
			buildSettings = {
				ASSETCATALOG_COMPILER_APPICON_NAME = AppIcon;
				ASSETCATALOG_COMPILER_GLOBAL_ACCENT_COLOR_NAME = AccentColor;
				CODE_SIGN_STYLE = Automatic;
				CURRENT_PROJECT_VERSION = 1;
				GENERATE_INFOPLIST_FILE = YES;
				INFOPLIST_FILE = ClearScore/Main/Resources/Info.plist;
				INFOPLIST_KEY_UIApplicationSupportsIndirectInputEvents = YES;
				INFOPLIST_KEY_UILaunchStoryboardName = LaunchScreen;
				INFOPLIST_KEY_UISupportedInterfaceOrientations = "UIInterfaceOrientationPortrait UIInterfaceOrientationPortraitUpsideDown";
				INFOPLIST_KEY_UISupportedInterfaceOrientations_iPad = "UIInterfaceOrientationPortrait UIInterfaceOrientationPortraitUpsideDown UIInterfaceOrientationLandscapeLeft UIInterfaceOrientationLandscapeRight";
				INFOPLIST_KEY_UISupportedInterfaceOrientations_iPhone = "UIInterfaceOrientationPortrait UIInterfaceOrientationLandscapeLeft UIInterfaceOrientationLandscapeRight";
				LD_RUNPATH_SEARCH_PATHS = (
					"$(inherited)",
					"@executable_path/Frameworks",
				);
				MARKETING_VERSION = 1.0;
				PRODUCT_BUNDLE_IDENTIFIER = "Thomas-Richardson.ClearScore";
				PRODUCT_NAME = "$(TARGET_NAME)";
				SWIFT_EMIT_LOC_STRINGS = YES;
				SWIFT_VERSION = 5.0;
				TARGETED_DEVICE_FAMILY = "1,2";
			};
			name = Release;
		};
		78E97564282D97870078EFD2 /* Debug */ = {
			isa = XCBuildConfiguration;
			buildSettings = {
				ALWAYS_EMBED_SWIFT_STANDARD_LIBRARIES = YES;
				BUNDLE_LOADER = "$(TEST_HOST)";
				CODE_SIGN_STYLE = Automatic;
				CURRENT_PROJECT_VERSION = 1;
				GENERATE_INFOPLIST_FILE = YES;
				IPHONEOS_DEPLOYMENT_TARGET = 15.2;
				MARKETING_VERSION = 1.0;
				PRODUCT_BUNDLE_IDENTIFIER = "Thomas-Richardson.ClearScoreTests";
				PRODUCT_NAME = "$(TARGET_NAME)";
				SWIFT_EMIT_LOC_STRINGS = NO;
				SWIFT_VERSION = 5.0;
				TARGETED_DEVICE_FAMILY = "1,2";
				TEST_HOST = "$(BUILT_PRODUCTS_DIR)/ClearScore.app/ClearScore";
			};
			name = Debug;
		};
		78E97565282D97870078EFD2 /* Release */ = {
			isa = XCBuildConfiguration;
			buildSettings = {
				ALWAYS_EMBED_SWIFT_STANDARD_LIBRARIES = YES;
				BUNDLE_LOADER = "$(TEST_HOST)";
				CODE_SIGN_STYLE = Automatic;
				CURRENT_PROJECT_VERSION = 1;
				GENERATE_INFOPLIST_FILE = YES;
				IPHONEOS_DEPLOYMENT_TARGET = 15.2;
				MARKETING_VERSION = 1.0;
				PRODUCT_BUNDLE_IDENTIFIER = "Thomas-Richardson.ClearScoreTests";
				PRODUCT_NAME = "$(TARGET_NAME)";
				SWIFT_EMIT_LOC_STRINGS = NO;
				SWIFT_VERSION = 5.0;
				TARGETED_DEVICE_FAMILY = "1,2";
				TEST_HOST = "$(BUILT_PRODUCTS_DIR)/ClearScore.app/ClearScore";
			};
			name = Release;
		};
		78E97567282D97870078EFD2 /* Debug */ = {
			isa = XCBuildConfiguration;
			buildSettings = {
				ALWAYS_EMBED_SWIFT_STANDARD_LIBRARIES = YES;
				CODE_SIGN_STYLE = Automatic;
				CURRENT_PROJECT_VERSION = 1;
				GENERATE_INFOPLIST_FILE = YES;
				MARKETING_VERSION = 1.0;
				PRODUCT_BUNDLE_IDENTIFIER = "Thomas-Richardson.ClearScoreUITests";
				PRODUCT_NAME = "$(TARGET_NAME)";
				SWIFT_EMIT_LOC_STRINGS = NO;
				SWIFT_VERSION = 5.0;
				TARGETED_DEVICE_FAMILY = "1,2";
				TEST_TARGET_NAME = ClearScore;
			};
			name = Debug;
		};
		78E97568282D97870078EFD2 /* Release */ = {
			isa = XCBuildConfiguration;
			buildSettings = {
				ALWAYS_EMBED_SWIFT_STANDARD_LIBRARIES = YES;
				CODE_SIGN_STYLE = Automatic;
				CURRENT_PROJECT_VERSION = 1;
				GENERATE_INFOPLIST_FILE = YES;
				MARKETING_VERSION = 1.0;
				PRODUCT_BUNDLE_IDENTIFIER = "Thomas-Richardson.ClearScoreUITests";
				PRODUCT_NAME = "$(TARGET_NAME)";
				SWIFT_EMIT_LOC_STRINGS = NO;
				SWIFT_VERSION = 5.0;
				TARGETED_DEVICE_FAMILY = "1,2";
				TEST_TARGET_NAME = ClearScore;
			};
			name = Release;
		};
/* End XCBuildConfiguration section */

/* Begin XCConfigurationList section */
		78E97531282D97820078EFD2 /* Build configuration list for PBXProject "ClearScore" */ = {
			isa = XCConfigurationList;
			buildConfigurations = (
				78E9755E282D97870078EFD2 /* Debug */,
				78E9755F282D97870078EFD2 /* Release */,
			);
			defaultConfigurationIsVisible = 0;
			defaultConfigurationName = Release;
		};
		78E97560282D97870078EFD2 /* Build configuration list for PBXNativeTarget "ClearScore" */ = {
			isa = XCConfigurationList;
			buildConfigurations = (
				78E97561282D97870078EFD2 /* Debug */,
				78E97562282D97870078EFD2 /* Release */,
			);
			defaultConfigurationIsVisible = 0;
			defaultConfigurationName = Release;
		};
		78E97563282D97870078EFD2 /* Build configuration list for PBXNativeTarget "ClearScoreTests" */ = {
			isa = XCConfigurationList;
			buildConfigurations = (
				78E97564282D97870078EFD2 /* Debug */,
				78E97565282D97870078EFD2 /* Release */,
			);
			defaultConfigurationIsVisible = 0;
			defaultConfigurationName = Release;
		};
		78E97566282D97870078EFD2 /* Build configuration list for PBXNativeTarget "ClearScoreUITests" */ = {
			isa = XCConfigurationList;
			buildConfigurations = (
				78E97567282D97870078EFD2 /* Debug */,
				78E97568282D97870078EFD2 /* Release */,
			);
			defaultConfigurationIsVisible = 0;
			defaultConfigurationName = Release;
		};
/* End XCConfigurationList section */
	};
	rootObject = 78E9752E282D97820078EFD2 /* Project object */;
}
